{
  "lockfileVersion": 1,
  "configVersion": 1,
  "workspaces": {
    "": {
      "name": "hooks",
      "dependencies": {
        "@types/play-sound": "^1.1.2",
        "dotenv": "^17.3.1",
        "openai": "^6.25.0",
        "play-sound": "^1.1.6",
        "say": "^0.16.0",
      },
      "devDependencies": {
        "@types/bun": "latest",
      },
      "peerDependencies": {
        "typescript": "^5",
      },
    },
  },
  "packages": {
    "@types/bun": ["@types/bun@1.3.9", "", { "dependencies": { "bun-types": "1.3.9" } }, "sha512-KQ571yULOdWJiMH+RIWIOZ7B2RXQGpL1YQrBtLIV3FqDcCu6FsbFUBwhdKUlCKUpS3PJDsHlJ1QKlpxoVR+xtw=="],

    "@types/node": ["@types/node@25.3.3", "", { "dependencies": { "undici-types": "~7.18.0" } }, "sha512-DpzbrH7wIcBaJibpKo9nnSQL0MTRdnWttGyE5haGwK86xgMOkFLp7vEyfQPGLOJh5wNYiJ3V9PmUMDhV9u8kkQ=="],

    "@types/play-sound": ["@types/play-sound@1.1.2", "", { "dependencies": { "@types/node": "*" } }, "sha512-alq2D5sBtVcq5bzL/yLr5SSQ7B4VTIkX728V3nYfo6TaCtnwFLdHsFgy+N9oCjh67OOZQnj7kkJauWNW0L8bWw=="],

    "bun-types": ["bun-types@1.3.9", "", { "dependencies": { "@types/node": "*" } }, "sha512-+UBWWOakIP4Tswh0Bt0QD0alpTY8cb5hvgiYeWCMet9YukHbzuruIEeXC2D7nMJPB12kbh8C7XJykSexEqGKJg=="],

    "dotenv": ["dotenv@17.3.1", "", {}, "sha512-IO8C/dzEb6O3F9/twg6ZLXz164a2fhTnEWb95H23Dm4OuN+92NmEAlTrupP9VW6Jm3sO26tQlqyvyi4CsnY9GA=="],

    "find-exec": ["find-exec@1.0.3", "", { "dependencies": { "shell-quote": "^1.8.1" } }, "sha512-gnG38zW90mS8hm5smNcrBnakPEt+cGJoiMkJwCU0IYnEb0H2NQk0NIljhNW+48oniCriFek/PH6QXbwsJo/qug=="],

    "one-time": ["one-time@0.0.4", "", {}, "sha512-qAMrwuk2xLEutlASoiPiAMW3EN3K96Ka/ilSXYr6qR1zSVXw2j7+yDSqGTC4T9apfLYxM3tLLjKvgPdAUK7kYQ=="],

    "openai": ["openai@6.25.0", "", { "peerDependencies": { "ws": "^8.18.0", "zod": "^3.25 || ^4.0" }, "optionalPeers": ["ws", "zod"], "bin": { "openai": "bin/cli" } }, "sha512-mEh6VZ2ds2AGGokWARo18aPISI1OhlgdEIC1ewhkZr8pSIT31dec0ecr9Nhxx0JlybyOgoAT1sWeKtwPZzJyww=="],

    "play-sound": ["play-sound@1.1.6", "", { "dependencies": { "find-exec": "1.0.3" } }, "sha512-09eO4QiXNFXJffJaOW5P6x6F5RLihpLUkXttvUZeWml0fU6x6Zp7AjG9zaeMpgH2ZNvq4GR1ytB22ddYcqJIZA=="],

    "say": ["say@0.16.0", "", { "dependencies": { "one-time": "0.0.4" } }, "sha512-yEfncNu3I6lcZ6RIrXgE9DqbrEmvV5uQQ8ReM14u/DodlvJYpveqNphO55RLMSj77b06ZKNif/FLmhzQxcuUXg=="],

    "shell-quote": ["shell-quote@1.8.3", "", {}, "sha512-ObmnIF4hXNg1BqhnHmgbDETF8dLPCggZWBjkQfhZpbszZnYur5DUljTcCHii5LC3J5E0yeO/1LIMyH+UvHQgyw=="],

    "typescript": ["typescript@5.9.3", "", { "bin": { "tsc": "bin/tsc", "tsserver": "bin/tsserver" } }, "sha512-jl1vZzPDinLr9eUt3J/t7V6FgNEw9QjvBPdysz9KfQDD41fQrC2Y4vKQdiaUpFT4bXlb1RHhLpp8wtm6M5TgSw=="],

    "undici-types": ["undici-types@7.18.2", "", {}, "sha512-AsuCzffGHJybSaRrmr5eHr81mwJU3kjw6M+uprWvCXiNeN9SOGwQ3Jn8jb8m3Z6izVgknn1R0FTCEAP2QrLY/w=="],
  }
}
